
Microsoft Visual Studio Solution File, Format Version 12.00
# Visual Studio Version 17
VisualStudioVersion = 17.12.35424.110 d17.12
MinimumVisualStudioVersion = 10.0.40219.1
Project("{FAE04EC0-301F-11D3-BF4B-00C04F79EFBC}") = "lab05-GUI", "lab05-GUI\lab05-GUI.csproj", "{21679452-904E-4D95-BAF3-644FEF09DCC7}"
EndProject
Project("{FAE04EC0-301F-11D3-BF4B-00C04F79EFBC}") = "BUS", "BUS\BUS.csproj", "{788BC018-7126-46E2-BD82-379397C3C1EA}"
EndProject
Project("{FAE04EC0-301F-11D3-BF4B-00C04F79EFBC}") = "DAL", "DAL\DAL.csproj", "{23E86A0A-5D7E-4668-AED7-EB2DC42B04D3}"
EndProject
Global
	GlobalSection(SolutionConfigurationPlatforms) = preSolution
		Debug|Any CPU = Debug|Any CPU
		Release|Any CPU = Release|Any CPU
	EndGlobalSection
	GlobalSection(ProjectConfigurationPlatforms) = postSolution
		{21679452-904E-4D95-BAF3-644FEF09DCC7}.Debug|Any CPU.ActiveCfg = Debug|Any CPU
		{21679452-904E-4D95-BAF3-644FEF09DCC7}.Debug|Any CPU.Build.0 = Debug|Any CPU
		{21679452-904E-4D95-BAF3-644FEF09DCC7}.Release|Any CPU.ActiveCfg = Release|Any CPU
		{21679452-904E-4D95-BAF3-644FEF09DCC7}.Release|Any CPU.Build.0 = Release|Any CPU
		{788BC018-7126-46E2-BD82-379397C3C1EA}.Debug|Any CPU.ActiveCfg = Debug|Any CPU
		{788BC018-7126-46E2-BD82-379397C3C1EA}.Debug|Any CPU.Build.0 = Debug|Any CPU
		{788BC018-7126-46E2-BD82-379397C3C1EA}.Release|Any CPU.ActiveCfg = Release|Any CPU
		{788BC018-7126-46E2-BD82-379397C3C1EA}.Release|Any CPU.Build.0 = Release|Any CPU
		{23E86A0A-5D7E-4668-AED7-EB2DC42B04D3}.Debug|Any CPU.ActiveCfg = Debug|Any CPU
		{23E86A0A-5D7E-4668-AED7-EB2DC42B04D3}.Debug|Any CPU.Build.0 = Debug|Any CPU
		{23E86A0A-5D7E-4668-AED7-EB2DC42B04D3}.Release|Any CPU.ActiveCfg = Release|Any CPU
		{23E86A0A-5D7E-4668-AED7-EB2DC42B04D3}.Release|Any CPU.Build.0 = Release|Any CPU
	EndGlobalSection
	GlobalSection(SolutionProperties) = preSolution
		HideSolutionNode = FALSE
	EndGlobalSection
EndGlobal
